
Microsoft Visual Studio Solution File, Format Version 12.00
# Visual Studio Version 16
VisualStudioVersion = 16.0.34407.143
MinimumVisualStudioVersion = 10.0.40219.1
Project("{FAE04EC0-301F-11D3-BF4B-00C04F79EFBC}") = "TollFormApp", "TollFormApp\TollFormApp.csproj", "{13826C92-ACA4-4FBE-873A-AF4FE026DC25}"
EndProject
Global
	GlobalSection(SolutionConfigurationPlatforms) = preSolution
		Debug|Any CPU = Debug|Any CPU
		Release|Any CPU = Release|Any CPU
	EndGlobalSection
	GlobalSection(ProjectConfigurationPlatforms) = postSolution
		{13826C92-ACA4-4FBE-873A-AF4FE026DC25}.Debug|Any CPU.ActiveCfg = Debug|Any CPU
		{13826C92-ACA4-4FBE-873A-AF4FE026DC25}.Debug|Any CPU.Build.0 = Debug|Any CPU
		{13826C92-ACA4-4FBE-873A-AF4FE026DC25}.Release|Any CPU.ActiveCfg = Release|Any CPU
		{13826C92-ACA4-4FBE-873A-AF4FE026DC25}.Release|Any CPU.Build.0 = Release|Any CPU
	EndGlobalSection
	GlobalSection(SolutionProperties) = preSolution
		HideSolutionNode = FALSE
	EndGlobalSection
	GlobalSection(ExtensibilityGlobals) = postSolution
		SolutionGuid = {09EBC8A5-090A-462B-82B5-4C6FBA897476}
	EndGlobalSection
EndGlobal
